github.com/Xumeiquer/go4th v0.0.0-20190126173238-90515315dd1d h1:n0holr9tDdBi5Ofe34u5Yz/TDdhYSCPzhw60gH9dOCU=
github.com/gabriel-vasile/mimetype v0.0.0-20181202175247-077d38b2e891 h1:W+7a8g0WhzvuiP6yNoOHMTYqDAeknvUrFtu/w1T1mO0=
github.com/gabriel-vasile/mimetype v0.0.0-20181202175247-077d38b2e891/go.mod h1:kMJbg3SlWZCsj4R73F1WDzbT9AyGCOVmUtIxxwO5pmI=
github.com/k0kubun/colorstring v0.0.0-20150214042306-9440f1994b88 h1:uC1QfSlInpQF+M0ao65imhwqKnz3Q2z/d8PWZRMQvDM=
github.com/k0kubun/colorstring v0.0.0-20150214042306-9440f1994b88/go.mod h1:3w7q1U84EfirKl04SVQ/s7nPm1ZPhiXd34z40TNz36k=
github.com/k0kubun/pp v2.3.0+incompatible h1:EKhKbi34VQDWJtq+zpsKSEhkHHs9w2P8Izbq8IhLVSo=
github.com/k0kubun/pp v2.3.0+incompatible/go.mod h1:GWse8YhT0p8pT4ir3ZgBbfZild3tgzSScAn6HmfYukg=
github.com/mattn/go-colorable v0.0.9 h1:UVL0vNpWh04HeJXV0KLcaT7r06gOH2l4OW6ddYRUIY4=
github.com/mattn/go-colorable v0.0.9/go.mod h1:9vuHe8Xs5qXnSaW/c/ABM9alt+Vo+STaOChaDxuIBZU=
github.com/mattn/go-isatty v0.0.4 h1:bnP0vzxcAdeI1zdubAl5PjU6zsERjGZb7raWodagDYs=
github.com/mattn/go-isatty v0.0.4/go.mod h1:M+lRXTBqGeGNdLjl/ufCoiOlB5xdOkqRJdNxMWT7Zi4=
golang.org/x/sys v0.0.0-20190124100055-b90733256f2e h1:3GIlrlVLfkoipSReOMNAgApI0ajnalyLa/EZHHca/XI=
golang.org/x/sys v0.0.0-20190124100055-b90733256f2e/go.mod h1:STP8DvDyc/dI5b8T5hshtkjS+E42TnysNCUPdjciGhY=
gopkg.in/oleiade/reflections.v1 v1.0.0 h1:nV9NFaFd5bXKjilVvPvA+/V/tNQk1pOEEc9gGWDkj+s=
gopkg.in/oleiade/reflections.v1 v1.0.0/go.mod h1:SpA8pv+LUnF0FbB2hyRxc8XSng78D6iLBZ11PDb8Z5g=
